
Microsoft Visual Studio Solution File, Format Version 12.00
# Visual Studio 15
VisualStudioVersion = 15.0.27004.2009
MinimumVisualStudioVersion = 10.0.40219.1
Project("{FAE04EC0-301F-11D3-BF4B-00C04F79EFBC}") = "SensortagBLE", "SensortagBLE\SensortagBLE.csproj", "{58E003B0-0AFD-477B-8BA0-5C986D68C25F}"
EndProject
Project("{FAE04EC0-301F-11D3-BF4B-00C04F79EFBC}") = "KortijkWeatherInfo", "KortijkWeatherInfo\KortijkWeatherInfo.csproj", "{1802DCEA-7EB5-4A9F-A208-208D9D9EE33E}"
EndProject
Global
	GlobalSection(SolutionConfigurationPlatforms) = preSolution
		Debug|Any CPU = Debug|Any CPU
		Debug|ARM = Debug|ARM
		Debug|x64 = Debug|x64
		Debug|x86 = Debug|x86
		Release|Any CPU = Release|Any CPU
		Release|ARM = Release|ARM
		Release|x64 = Release|x64
		Release|x86 = Release|x86
	EndGlobalSection
	GlobalSection(ProjectConfigurationPlatforms) = postSolution
		{58E003B0-0AFD-477B-8BA0-5C986D68C25F}.Debug|Any CPU.ActiveCfg = Debug|x86
		{58E003B0-0AFD-477B-8BA0-5C986D68C25F}.Debug|ARM.ActiveCfg = Debug|ARM
		{58E003B0-0AFD-477B-8BA0-5C986D68C25F}.Debug|ARM.Build.0 = Debug|ARM
		{58E003B0-0AFD-477B-8BA0-5C986D68C25F}.Debug|ARM.Deploy.0 = Debug|ARM
		{58E003B0-0AFD-477B-8BA0-5C986D68C25F}.Debug|x64.ActiveCfg = Debug|x86
		{58E003B0-0AFD-477B-8BA0-5C986D68C25F}.Debug|x64.Build.0 = Debug|x86
		{58E003B0-0AFD-477B-8BA0-5C986D68C25F}.Debug|x64.Deploy.0 = Debug|x86
		{58E003B0-0AFD-477B-8BA0-5C986D68C25F}.Debug|x86.ActiveCfg = Debug|x86
		{58E003B0-0AFD-477B-8BA0-5C986D68C25F}.Debug|x86.Build.0 = Debug|x86
		{58E003B0-0AFD-477B-8BA0-5C986D68C25F}.Debug|x86.Deploy.0 = Debug|x86
		{58E003B0-0AFD-477B-8BA0-5C986D68C25F}.Release|Any CPU.ActiveCfg = Release|x86
		{58E003B0-0AFD-477B-8BA0-5C986D68C25F}.Release|ARM.ActiveCfg = Release|ARM
		{58E003B0-0AFD-477B-8BA0-5C986D68C25F}.Release|ARM.Build.0 = Release|ARM
		{58E003B0-0AFD-477B-8BA0-5C986D68C25F}.Release|ARM.Deploy.0 = Release|ARM
		{58E003B0-0AFD-477B-8BA0-5C986D68C25F}.Release|x64.ActiveCfg = Release|x64
		{58E003B0-0AFD-477B-8BA0-5C986D68C25F}.Release|x64.Build.0 = Release|x64
		{58E003B0-0AFD-477B-8BA0-5C986D68C25F}.Release|x64.Deploy.0 = Release|x64
		{58E003B0-0AFD-477B-8BA0-5C986D68C25F}.Release|x86.ActiveCfg = Release|x86
		{58E003B0-0AFD-477B-8BA0-5C986D68C25F}.Release|x86.Build.0 = Release|x86
		{58E003B0-0AFD-477B-8BA0-5C986D68C25F}.Release|x86.Deploy.0 = Release|x86
		{1802DCEA-7EB5-4A9F-A208-208D9D9EE33E}.Debug|Any CPU.ActiveCfg = Debug|Any CPU
		{1802DCEA-7EB5-4A9F-A208-208D9D9EE33E}.Debug|Any CPU.Build.0 = Debug|Any CPU
		{1802DCEA-7EB5-4A9F-A208-208D9D9EE33E}.Debug|ARM.ActiveCfg = Debug|Any CPU
		{1802DCEA-7EB5-4A9F-A208-208D9D9EE33E}.Debug|ARM.Build.0 = Debug|Any CPU
		{1802DCEA-7EB5-4A9F-A208-208D9D9EE33E}.Debug|x64.ActiveCfg = Debug|Any CPU
		{1802DCEA-7EB5-4A9F-A208-208D9D9EE33E}.Debug|x64.Build.0 = Debug|Any CPU
		{1802DCEA-7EB5-4A9F-A208-208D9D9EE33E}.Debug|x86.ActiveCfg = Debug|Any CPU
		{1802DCEA-7EB5-4A9F-A208-208D9D9EE33E}.Debug|x86.Build.0 = Debug|Any CPU
		{1802DCEA-7EB5-4A9F-A208-208D9D9EE33E}.Release|Any CPU.ActiveCfg = Release|Any CPU
		{1802DCEA-7EB5-4A9F-A208-208D9D9EE33E}.Release|Any CPU.Build.0 = Release|Any CPU
		{1802DCEA-7EB5-4A9F-A208-208D9D9EE33E}.Release|ARM.ActiveCfg = Release|Any CPU
		{1802DCEA-7EB5-4A9F-A208-208D9D9EE33E}.Release|ARM.Build.0 = Release|Any CPU
		{1802DCEA-7EB5-4A9F-A208-208D9D9EE33E}.Release|x64.ActiveCfg = Release|Any CPU
		{1802DCEA-7EB5-4A9F-A208-208D9D9EE33E}.Release|x64.Build.0 = Release|Any CPU
		{1802DCEA-7EB5-4A9F-A208-208D9D9EE33E}.Release|x86.ActiveCfg = Release|Any CPU
		{1802DCEA-7EB5-4A9F-A208-208D9D9EE33E}.Release|x86.Build.0 = Release|Any CPU
	EndGlobalSection
	GlobalSection(SolutionProperties) = preSolution
		HideSolutionNode = FALSE
	EndGlobalSection
	GlobalSection(ExtensibilityGlobals) = postSolution
		SolutionGuid = {33C879F4-C8AA-4E4F-8773-3A4F49A0648F}
	EndGlobalSection
EndGlobal
